
Microsoft Visual Studio Solution File, Format Version 12.00
Project("{FAE04EC0-301F-11D3-BF4B-00C04F79EFBC}") = "DLS.MessageSystem", "DLS.MessageSystem\DLS.MessageSystem.csproj", "{0B9E72E7-2DB7-42E0-A3D0-B3956E6CAD96}"
EndProject
Project("{FAE04EC0-301F-11D3-BF4B-00C04F79EFBC}") = "DLS.MessageSystem.Tests", "DLS.MessageSystem.Tests\DLS.MessageSystem.Tests.csproj", "{15D7DC23-A2CB-445B-B7C4-FAE25EDB8993}"
EndProject
Global
	GlobalSection(SolutionConfigurationPlatforms) = preSolution
		Debug|Any CPU = Debug|Any CPU
		Release|Any CPU = Release|Any CPU
	EndGlobalSection
	GlobalSection(ProjectConfigurationPlatforms) = postSolution
		{0B9E72E7-2DB7-42E0-A3D0-B3956E6CAD96}.Debug|Any CPU.ActiveCfg = Debug|Any CPU
		{0B9E72E7-2DB7-42E0-A3D0-B3956E6CAD96}.Debug|Any CPU.Build.0 = Debug|Any CPU
		{0B9E72E7-2DB7-42E0-A3D0-B3956E6CAD96}.Release|Any CPU.ActiveCfg = Release|Any CPU
		{0B9E72E7-2DB7-42E0-A3D0-B3956E6CAD96}.Release|Any CPU.Build.0 = Release|Any CPU
		{15D7DC23-A2CB-445B-B7C4-FAE25EDB8993}.Debug|Any CPU.ActiveCfg = Debug|Any CPU
		{15D7DC23-A2CB-445B-B7C4-FAE25EDB8993}.Debug|Any CPU.Build.0 = Debug|Any CPU
		{15D7DC23-A2CB-445B-B7C4-FAE25EDB8993}.Release|Any CPU.ActiveCfg = Release|Any CPU
		{15D7DC23-A2CB-445B-B7C4-FAE25EDB8993}.Release|Any CPU.Build.0 = Release|Any CPU
	EndGlobalSection
EndGlobal
